// !$*UTF8*$!
{
	archiveVersion = 1;
	classes = {
	};
	objectVersion = 56;
	objects = {

/* Begin PBXBuildFile section */
		854078E629F488C700C610DC /* AppDelegate.swift in Sources */ = {isa = PBXBuildFile; fileRef = 854078E529F488C700C610DC /* AppDelegate.swift */; };
		854078E829F488C700C610DC /* SceneDelegate.swift in Sources */ = {isa = PBXBuildFile; fileRef = 854078E729F488C700C610DC /* SceneDelegate.swift */; };
		854078EA29F488C700C610DC /* ViewController.swift in Sources */ = {isa = PBXBuildFile; fileRef = 854078E929F488C700C610DC /* ViewController.swift */; };
		854078ED29F488C700C610DC /* Main.storyboard in Resources */ = {isa = PBXBuildFile; fileRef = 854078EB29F488C700C610DC /* Main.storyboard */; };
		854078EF29F488C800C610DC /* Assets.xcassets in Resources */ = {isa = PBXBuildFile; fileRef = 854078EE29F488C800C610DC /* Assets.xcassets */; };
		854078F229F488C800C610DC /* LaunchScreen.storyboard in Resources */ = {isa = PBXBuildFile; fileRef = 854078F029F488C800C610DC /* LaunchScreen.storyboard */; };
		8540790029F48CA500C610DC /* TabBarViewController.swift in Sources */ = {isa = PBXBuildFile; fileRef = 854078FF29F48CA500C610DC /* TabBarViewController.swift */; };
		8540790229F48CC200C610DC /* HomeViewController.swift in Sources */ = {isa = PBXBuildFile; fileRef = 8540790129F48CC200C610DC /* HomeViewController.swift */; };
		8540790429F48CE400C610DC /* UploadImageViewController.swift in Sources */ = {isa = PBXBuildFile; fileRef = 8540790329F48CE400C610DC /* UploadImageViewController.swift */; };
		8540790629F48D4D00C610DC /* ProfileViewController.swift in Sources */ = {isa = PBXBuildFile; fileRef = 8540790529F48D4D00C610DC /* ProfileViewController.swift */; };
		8540790829F48D8E00C610DC /* UploadImageProtocol.swift in Sources */ = {isa = PBXBuildFile; fileRef = 8540790729F48D8E00C610DC /* UploadImageProtocol.swift */; };
		85C8DAAE29F4A29F00448810 /* TableViewCell.xib in Resources */ = {isa = PBXBuildFile; fileRef = 85C8DAAD29F4A29F00448810 /* TableViewCell.xib */; };
		85C8DAB029F4A2A900448810 /* TableViewCell.swift in Sources */ = {isa = PBXBuildFile; fileRef = 85C8DAAF29F4A2A900448810 /* TableViewCell.swift */; };
/* End PBXBuildFile section */

/* Begin PBXFileReference section */
		854078E229F488C700C610DC /* FinalDemo.app */ = {isa = PBXFileReference; explicitFileType = wrapper.application; includeInIndex = 0; path = FinalDemo.app; sourceTree = BUILT_PRODUCTS_DIR; };
		854078E529F488C700C610DC /* AppDelegate.swift */ = {isa = PBXFileReference; lastKnownFileType = sourcecode.swift; path = AppDelegate.swift; sourceTree = "<group>"; };
		854078E729F488C700C610DC /* SceneDelegate.swift */ = {isa = PBXFileReference; lastKnownFileType = sourcecode.swift; path = SceneDelegate.swift; sourceTree = "<group>"; };
		854078E929F488C700C610DC /* ViewController.swift */ = {isa = PBXFileReference; lastKnownFileType = sourcecode.swift; path = ViewController.swift; sourceTree = "<group>"; };
		854078EC29F488C700C610DC /* Base */ = {isa = PBXFileReference; lastKnownFileType = file.storyboard; name = Base; path = Base.lproj/Main.storyboard; sourceTree = "<group>"; };
		854078EE29F488C800C610DC /* Assets.xcassets */ = {isa = PBXFileReference; lastKnownFileType = folder.assetcatalog; path = Assets.xcassets; sourceTree = "<group>"; };
		854078F129F488C800C610DC /* Base */ = {isa = PBXFileReference; lastKnownFileType = file.storyboard; name = Base; path = Base.lproj/LaunchScreen.storyboard; sourceTree = "<group>"; };
		854078F329F488C800C610DC /* Info.plist */ = {isa = PBXFileReference; lastKnownFileType = text.plist.xml; path = Info.plist; sourceTree = "<group>"; };
		854078FF29F48CA500C610DC /* TabBarViewController.swift */ = {isa = PBXFileReference; lastKnownFileType = sourcecode.swift; path = TabBarViewController.swift; sourceTree = "<group>"; };
		8540790129F48CC200C610DC /* HomeViewController.swift */ = {isa = PBXFileReference; lastKnownFileType = sourcecode.swift; path = HomeViewController.swift; sourceTree = "<group>"; };
		8540790329F48CE400C610DC /* UploadImageViewController.swift */ = {isa = PBXFileReference; lastKnownFileType = sourcecode.swift; path = UploadImageViewController.swift; sourceTree = "<group>"; };
		8540790529F48D4D00C610DC /* ProfileViewController.swift */ = {isa = PBXFileReference; lastKnownFileType = sourcecode.swift; path = ProfileViewController.swift; sourceTree = "<group>"; };
		8540790729F48D8E00C610DC /* UploadImageProtocol.swift */ = {isa = PBXFileReference; lastKnownFileType = sourcecode.swift; path = UploadImageProtocol.swift; sourceTree = "<group>"; };
		85C8DAAD29F4A29F00448810 /* TableViewCell.xib */ = {isa = PBXFileReference; lastKnownFileType = file.xib; path = TableViewCell.xib; sourceTree = "<group>"; };
		85C8DAAF29F4A2A900448810 /* TableViewCell.swift */ = {isa = PBXFileReference; lastKnownFileType = sourcecode.swift; path = TableViewCell.swift; sourceTree = "<group>"; };
/* End PBXFileReference section */

/* Begin PBXFrameworksBuildPhase section */
		854078DF29F488C700C610DC /* Frameworks */ = {
			isa = PBXFrameworksBuildPhase;
			buildActionMask = 2147483647;
			files = (
			);
			runOnlyForDeploymentPostprocessing = 0;
		};
/* End PBXFrameworksBuildPhase section */

/* Begin PBXGroup section */
		854078D929F488C700C610DC = {
			isa = PBXGroup;
			children = (
				854078E429F488C700C610DC /* FinalDemo */,
				854078E329F488C700C610DC /* Products */,
			);
			sourceTree = "<group>";
		};
		854078E329F488C700C610DC /* Products */ = {
			isa = PBXGroup;
			children = (
				854078E229F488C700C610DC /* FinalDemo.app */,
			);
			name = Products;
			sourceTree = "<group>";
		};
		854078E429F488C700C610DC /* FinalDemo */ = {
			isa = PBXGroup;
			children = (
				854078E529F488C700C610DC /* AppDelegate.swift */,
				854078E729F488C700C610DC /* SceneDelegate.swift */,
				854078E929F488C700C610DC /* ViewController.swift */,
				854078EB29F488C700C610DC /* Main.storyboard */,
				854078EE29F488C800C610DC /* Assets.xcassets */,
				854078F029F488C800C610DC /* LaunchScreen.storyboard */,
				854078F329F488C800C610DC /* Info.plist */,
				854078FF29F48CA500C610DC /* TabBarViewController.swift */,
				8540790129F48CC200C610DC /* HomeViewController.swift */,
				8540790329F48CE400C610DC /* UploadImageViewController.swift */,
				8540790529F48D4D00C610DC /* ProfileViewController.swift */,
				8540790729F48D8E00C610DC /* UploadImageProtocol.swift */,
				85C8DAAD29F4A29F00448810 /* TableViewCell.xib */,
				85C8DAAF29F4A2A900448810 /* TableViewCell.swift */,
			);
			path = FinalDemo;
			sourceTree = "<group>";
		};
/* End PBXGroup section */

/* Begin PBXNativeTarget section */
		854078E129F488C700C610DC /* FinalDemo */ = {
			isa = PBXNativeTarget;
			buildConfigurationList = 854078F629F488C800C610DC /* Build configuration list for PBXNativeTarget "FinalDemo" */;
			buildPhases = (
				854078DE29F488C700C610DC /* Sources */,
				854078DF29F488C700C610DC /* Frameworks */,
				854078E029F488C700C610DC /* Resources */,
			);
			buildRules = (
			);
			dependencies = (
			);
			name = FinalDemo;
			productName = FinalDemo;
			productReference = 854078E229F488C700C610DC /* FinalDemo.app */;
			productType = "com.apple.product-type.application";
		};
/* End PBXNativeTarget section */

/* Begin PBXProject section */
		854078DA29F488C700C610DC /* Project object */ = {
			isa = PBXProject;
			attributes = {
				BuildIndependentTargetsInParallel = 1;
				LastSwiftUpdateCheck = 1420;
				LastUpgradeCheck = 1420;
				TargetAttributes = {
					854078E129F488C700C610DC = {
						CreatedOnToolsVersion = 14.2;
					};
				};
			};
			buildConfigurationList = 854078DD29F488C700C610DC /* Build configuration list for PBXProject "FinalDemo" */;
			compatibilityVersion = "Xcode 14.0";
			developmentRegion = en;
			hasScannedForEncodings = 0;
			knownRegions = (
				en,
				Base,
			);
			mainGroup = 854078D929F488C700C610DC;
			productRefGroup = 854078E329F488C700C610DC /* Products */;
			projectDirPath = "";
			projectRoot = "";
			targets = (
				854078E129F488C700C610DC /* FinalDemo */,
			);
		};
/* End PBXProject section */

/* Begin PBXResourcesBuildPhase section */
		854078E029F488C700C610DC /* Resources */ = {
			isa = PBXResourcesBuildPhase;
			buildActionMask = 2147483647;
			files = (
				854078F229F488C800C610DC /* LaunchScreen.storyboard in Resources */,
				85C8DAAE29F4A29F00448810 /* TableViewCell.xib in Resources */,
				854078EF29F488C800C610DC /* Assets.xcassets in Resources */,
				854078ED29F488C700C610DC /* Main.storyboard in Resources */,
			);
			runOnlyForDeploymentPostprocessing = 0;
		};
/* End PBXResourcesBuildPhase section */

/* Begin PBXSourcesBuildPhase section */
		854078DE29F488C700C610DC /* Sources */ = {
			isa = PBXSourcesBuildPhase;
			buildActionMask = 2147483647;
			files = (
				8540790229F48CC200C610DC /* HomeViewController.swift in Sources */,
				8540790029F48CA500C610DC /* TabBarViewController.swift in Sources */,
				854078EA29F488C700C610DC /* ViewController.swift in Sources */,
				85C8DAB029F4A2A900448810 /* TableViewCell.swift in Sources */,
				854078E629F488C700C610DC /* AppDelegate.swift in Sources */,
				8540790629F48D4D00C610DC /* ProfileViewController.swift in Sources */,
				854078E829F488C700C610DC /* SceneDelegate.swift in Sources */,
				8540790829F48D8E00C610DC /* UploadImageProtocol.swift in Sources */,
				8540790429F48CE400C610DC /* UploadImageViewController.swift in Sources */,
			);
			runOnlyForDeploymentPostprocessing = 0;
		};
/* End PBXSourcesBuildPhase section */

/* Begin PBXVariantGroup section */
		854078EB29F488C700C610DC /* Main.storyboard */ = {
			isa = PBXVariantGroup;
			children = (
				854078EC29F488C700C610DC /* Base */,
			);
			name = Main.storyboard;
			sourceTree = "<group>";
		};
		854078F029F488C800C610DC /* LaunchScreen.storyboard */ = {
			isa = PBXVariantGroup;
			children = (
				854078F129F488C800C610DC /* Base */,
			);
			name = LaunchScreen.storyboard;
			sourceTree = "<group>";
		};
/* End PBXVariantGroup section */

/* Begin XCBuildConfiguration section */
		854078F429F488C800C610DC /* Debug */ = {
			isa = XCBuildConfiguration;
			buildSettings = {
				ALWAYS_SEARCH_USER_PATHS = NO;
				CLANG_ANALYZER_NONNULL = YES;
				CLANG_ANALYZER_NUMBER_OBJECT_CONVERSION = YES_AGGRESSIVE;
				CLANG_CXX_LANGUAGE_STANDARD = "gnu++20";
				CLANG_ENABLE_MODULES = YES;
				CLANG_ENABLE_OBJC_ARC = YES;
				CLANG_ENABLE_OBJC_WEAK = YES;
				CLANG_WARN_BLOCK_CAPTURE_AUTORELEASING = YES;
				CLANG_WARN_BOOL_CONVERSION = YES;
				CLANG_WARN_COMMA = YES;
				CLANG_WARN_CONSTANT_CONVERSION = YES;
				CLANG_WARN_DEPRECATED_OBJC_IMPLEMENTATIONS = YES;
				CLANG_WARN_DIRECT_OBJC_ISA_USAGE = YES_ERROR;
				CLANG_WARN_DOCUMENTATION_COMMENTS = YES;
				CLANG_WARN_EMPTY_BODY = YES;
				CLANG_WARN_ENUM_CONVERSION = YES;
				CLANG_WARN_INFINITE_RECURSION = YES;
				CLANG_WARN_INT_CONVERSION = YES;
				CLANG_WARN_NON_LITERAL_NULL_CONVERSION = YES;
				CLANG_WARN_OBJC_IMPLICIT_RETAIN_SELF = YES;
				CLANG_WARN_OBJC_LITERAL_CONVERSION = YES;
				CLANG_WARN_OBJC_ROOT_CLASS = YES_ERROR;
				CLANG_WARN_QUOTED_INCLUDE_IN_FRAMEWORK_HEADER = YES;
				CLANG_WARN_RANGE_LOOP_ANALYSIS = YES;
				CLANG_WARN_STRICT_PROTOTYPES = YES;
				CLANG_WARN_SUSPICIOUS_MOVE = YES;
				CLANG_WARN_UNGUARDED_AVAILABILITY = YES_AGGRESSIVE;
				CLANG_WARN_UNREACHABLE_CODE = YES;
				CLANG_WARN__DUPLICATE_METHOD_MATCH = YES;
				COPY_PHASE_STRIP = NO;
				DEBUG_INFORMATION_FORMAT = dwarf;
				ENABLE_STRICT_OBJC_MSGSEND = YES;
				ENABLE_TESTABILITY = YES;
				GCC_C_LANGUAGE_STANDARD = gnu11;
				GCC_DYNAMIC_NO_PIC = NO;
				GCC_NO_COMMON_BLOCKS = YES;
				GCC_OPTIMIZATION_LEVEL = 0;
				GCC_PREPROCESSOR_DEFINITIONS = (
					"DEBUG=1",
					"$(inherited)",
				);
				GCC_WARN_64_TO_32_BIT_CONVERSION = YES;
				GCC_WARN_ABOUT_RETURN_TYPE = YES_ERROR;
				GCC_WARN_UNDECLARED_SELECTOR = YES;
				GCC_WARN_UNINITIALIZED_AUTOS = YES_AGGRESSIVE;
				GCC_WARN_UNUSED_FUNCTION = YES;
				GCC_WARN_UNUSED_VARIABLE = YES;
				IPHONEOS_DEPLOYMENT_TARGET = 16.2;
				MTL_ENABLE_DEBUG_INFO = INCLUDE_SOURCE;
				MTL_FAST_MATH = YES;
				ONLY_ACTIVE_ARCH = YES;
				SDKROOT = iphoneos;
				SWIFT_ACTIVE_COMPILATION_CONDITIONS = DEBUG;
				SWIFT_OPTIMIZATION_LEVEL = "-Onone";
			};
			name = Debug;
		};
		854078F529F488C800C610DC /* Release */ = {
			isa = XCBuildConfiguration;
			buildSettings = {
				ALWAYS_SEARCH_USER_PATHS = NO;
				CLANG_ANALYZER_NONNULL = YES;
				CLANG_ANALYZER_NUMBER_OBJECT_CONVERSION = YES_AGGRESSIVE;
				CLANG_CXX_LANGUAGE_STANDARD = "gnu++20";
				CLANG_ENABLE_MODULES = YES;
				CLANG_ENABLE_OBJC_ARC = YES;
				CLANG_ENABLE_OBJC_WEAK = YES;
				CLANG_WARN_BLOCK_CAPTURE_AUTORELEASING = YES;
				CLANG_WARN_BOOL_CONVERSION = YES;
				CLANG_WARN_COMMA = YES;
				CLANG_WARN_CONSTANT_CONVERSION = YES;
				CLANG_WARN_DEPRECATED_OBJC_IMPLEMENTATIONS = YES;
				CLANG_WARN_DIRECT_OBJC_ISA_USAGE = YES_ERROR;
				CLANG_WARN_DOCUMENTATION_COMMENTS = YES;
				CLANG_WARN_EMPTY_BODY = YES;
				CLANG_WARN_ENUM_CONVERSION = YES;
				CLANG_WARN_INFINITE_RECURSION = YES;
				CLANG_WARN_INT_CONVERSION = YES;
				CLANG_WARN_NON_LITERAL_NULL_CONVERSION = YES;
				CLANG_WARN_OBJC_IMPLICIT_RETAIN_SELF = YES;
				CLANG_WARN_OBJC_LITERAL_CONVERSION = YES;
				CLANG_WARN_OBJC_ROOT_CLASS = YES_ERROR;
				CLANG_WARN_QUOTED_INCLUDE_IN_FRAMEWORK_HEADER = YES;
				CLANG_WARN_RANGE_LOOP_ANALYSIS = YES;
				CLANG_WARN_STRICT_PROTOTYPES = YES;
				CLANG_WARN_SUSPICIOUS_MOVE = YES;
				CLANG_WARN_UNGUARDED_AVAILABILITY = YES_AGGRESSIVE;
				CLANG_WARN_UNREACHABLE_CODE = YES;
				CLANG_WARN__DUPLICATE_METHOD_MATCH = YES;
				COPY_PHASE_STRIP = NO;
				DEBUG_INFORMATION_FORMAT = "dwarf-with-dsym";
				ENABLE_NS_ASSERTIONS = NO;
				ENABLE_STRICT_OBJC_MSGSEND = YES;
				GCC_C_LANGUAGE_STANDARD = gnu11;
				GCC_NO_COMMON_BLOCKS = YES;
				GCC_WARN_64_TO_32_BIT_CONVERSION = YES;
				GCC_WARN_ABOUT_RETURN_TYPE = YES_ERROR;
				GCC_WARN_UNDECLARED_SELECTOR = YES;
				GCC_WARN_UNINITIALIZED_AUTOS = YES_AGGRESSIVE;
				GCC_WARN_UNUSED_FUNCTION = YES;
				GCC_WARN_UNUSED_VARIABLE = YES;
				IPHONEOS_DEPLOYMENT_TARGET = 16.2;
				MTL_ENABLE_DEBUG_INFO = NO;
				MTL_FAST_MATH = YES;
				SDKROOT = iphoneos;
				SWIFT_COMPILATION_MODE = wholemodule;
				SWIFT_OPTIMIZATION_LEVEL = "-O";
				VALIDATE_PRODUCT = YES;
			};
			name = Release;
		};
		854078F729F488C800C610DC /* Debug */ = {
			isa = XCBuildConfiguration;
			buildSettings = {
				ASSETCATALOG_COMPILER_APPICON_NAME = AppIcon;
				ASSETCATALOG_COMPILER_GLOBAL_ACCENT_COLOR_NAME = AccentColor;
				CODE_SIGN_STYLE = Automatic;
				CURRENT_PROJECT_VERSION = 1;
				DEVELOPMENT_TEAM = XCQTV7ZD8T;
				GENERATE_INFOPLIST_FILE = YES;
				INFOPLIST_FILE = FinalDemo/Info.plist;
				INFOPLIST_KEY_UIApplicationSupportsIndirectInputEvents = YES;
				INFOPLIST_KEY_UILaunchStoryboardName = LaunchScreen;
				INFOPLIST_KEY_UIMainStoryboardFile = Main;
				INFOPLIST_KEY_UISupportedInterfaceOrientations_iPad = "UIInterfaceOrientationPortrait UIInterfaceOrientationPortraitUpsideDown UIInterfaceOrientationLandscapeLeft UIInterfaceOrientationLandscapeRight";
				INFOPLIST_KEY_UISupportedInterfaceOrientations_iPhone = "UIInterfaceOrientationPortrait UIInterfaceOrientationLandscapeLeft UIInterfaceOrientationLandscapeRight";
				LD_RUNPATH_SEARCH_PATHS = (
					"$(inherited)",
					"@executable_path/Frameworks",
				);
				MARKETING_VERSION = 1.0;
				PRODUCT_BUNDLE_IDENTIFIER = edu.northeastern.muxingl.FinalDemo;
				PRODUCT_NAME = "$(TARGET_NAME)";
				SWIFT_EMIT_LOC_STRINGS = YES;
				SWIFT_VERSION = 5.0;
				TARGETED_DEVICE_FAMILY = "1,2";
			};
			name = Debug;
		};
		854078F829F488C800C610DC /* Release */ = {
			isa = XCBuildConfiguration;
			buildSettings = {
				ASSETCATALOG_COMPILER_APPICON_NAME = AppIcon;
				ASSETCATALOG_COMPILER_GLOBAL_ACCENT_COLOR_NAME = AccentColor;
				CODE_SIGN_STYLE = Automatic;
				CURRENT_PROJECT_VERSION = 1;
				DEVELOPMENT_TEAM = XCQTV7ZD8T;
				GENERATE_INFOPLIST_FILE = YES;
				INFOPLIST_FILE = FinalDemo/Info.plist;
				INFOPLIST_KEY_UIApplicationSupportsIndirectInputEvents = YES;
				INFOPLIST_KEY_UILaunchStoryboardName = LaunchScreen;
				INFOPLIST_KEY_UIMainStoryboardFile = Main;
				INFOPLIST_KEY_UISupportedInterfaceOrientations_iPad = "UIInterfaceOrientationPortrait UIInterfaceOrientationPortraitUpsideDown UIInterfaceOrientationLandscapeLeft UIInterfaceOrientationLandscapeRight";
				INFOPLIST_KEY_UISupportedInterfaceOrientations_iPhone = "UIInterfaceOrientationPortrait UIInterfaceOrientationLandscapeLeft UIInterfaceOrientationLandscapeRight";
				LD_RUNPATH_SEARCH_PATHS = (
					"$(inherited)",
					"@executable_path/Frameworks",
				);
				MARKETING_VERSION = 1.0;
				PRODUCT_BUNDLE_IDENTIFIER = edu.northeastern.muxingl.FinalDemo;
				PRODUCT_NAME = "$(TARGET_NAME)";
				SWIFT_EMIT_LOC_STRINGS = YES;
				SWIFT_VERSION = 5.0;
				TARGETED_DEVICE_FAMILY = "1,2";
			};
			name = Release;
		};
/* End XCBuildConfiguration section */

/* Begin XCConfigurationList section */
		854078DD29F488C700C610DC /* Build configuration list for PBXProject "FinalDemo" */ = {
			isa = XCConfigurationList;
			buildConfigurations = (
				854078F429F488C800C610DC /* Debug */,
				854078F529F488C800C610DC /* Release */,
			);
			defaultConfigurationIsVisible = 0;
			defaultConfigurationName = Release;
		};
		854078F629F488C800C610DC /* Build configuration list for PBXNativeTarget "FinalDemo" */ = {
			isa = XCConfigurationList;
			buildConfigurations = (
				854078F729F488C800C610DC /* Debug */,
				854078F829F488C800C610DC /* Release */,
			);
			defaultConfigurationIsVisible = 0;
			defaultConfigurationName = Release;
		};
/* End XCConfigurationList section */
	};
	rootObject = 854078DA29F488C700C610DC /* Project object */;
}
